
Microsoft Visual Studio Solution File, Format Version 12.00
Project("{FAE04EC0-301F-11D3-BF4B-00C04F79EFBC}") = "memoryTest", "memoryTest\memoryTest.csproj", "{FE1E14EE-EFA1-4591-8511-5BD5AB9CB168}"
EndProject
Global
	GlobalSection(SolutionConfigurationPlatforms) = preSolution
		Debug|Any CPU = Debug|Any CPU
		Release|Any CPU = Release|Any CPU
	EndGlobalSection
	GlobalSection(ProjectConfigurationPlatforms) = postSolution
		{FE1E14EE-EFA1-4591-8511-5BD5AB9CB168}.Debug|Any CPU.ActiveCfg = Debug|Any CPU
		{FE1E14EE-EFA1-4591-8511-5BD5AB9CB168}.Debug|Any CPU.Build.0 = Debug|Any CPU
		{FE1E14EE-EFA1-4591-8511-5BD5AB9CB168}.Release|Any CPU.ActiveCfg = Release|Any CPU
		{FE1E14EE-EFA1-4591-8511-5BD5AB9CB168}.Release|Any CPU.Build.0 = Release|Any CPU
	EndGlobalSection
EndGlobal
